
Microsoft Visual Studio Solution File, Format Version 12.00
# Visual Studio 15
VisualStudioVersion = 15.0.27703.2026
MinimumVisualStudioVersion = 10.0.40219.1
Project("{FAE04EC0-301F-11D3-BF4B-00C04F79EFBC}") = "DiscountTA", "DiscountTA\DiscountTA.csproj", "{BF458EA7-1967-4418-BCFB-C1031926ECBB}"
EndProject
Global
	GlobalSection(SolutionConfigurationPlatforms) = preSolution
		Debug|Any CPU = Debug|Any CPU
		Release|Any CPU = Release|Any CPU
	EndGlobalSection
	GlobalSection(ProjectConfigurationPlatforms) = postSolution
		{BF458EA7-1967-4418-BCFB-C1031926ECBB}.Debug|Any CPU.ActiveCfg = Debug|Any CPU
		{BF458EA7-1967-4418-BCFB-C1031926ECBB}.Debug|Any CPU.Build.0 = Debug|Any CPU
		{BF458EA7-1967-4418-BCFB-C1031926ECBB}.Release|Any CPU.ActiveCfg = Release|Any CPU
		{BF458EA7-1967-4418-BCFB-C1031926ECBB}.Release|Any CPU.Build.0 = Release|Any CPU
	EndGlobalSection
	GlobalSection(SolutionProperties) = preSolution
		HideSolutionNode = FALSE
	EndGlobalSection
	GlobalSection(ExtensibilityGlobals) = postSolution
		SolutionGuid = {F7A8BFF4-5584-460B-A051-53E54959B9C6}
	EndGlobalSection
EndGlobal
